Microsoft Visual Studio Solution File, Format Version 12.00
# Visual Studio 14
VisualStudioVersion = 14.0.24720.0
MinimumVisualStudioVersion = 10.0.40219.1
Project("{FAE04EC0-301F-11D3-BF4B-00C04F79EFBC}") = "du", "du\du.csproj", "{6F2A7E98-3EDF-4ABB-B891-3AAE5751D690}"
EndProject
Project("{FAE04EC0-301F-11D3-BF4B-00C04F79EFBC}") = "grep", "grep\grep.csproj", "{136A55E8-7847-4A97-A237-21362CC1F2D5}"
EndProject
Project("{FAE04EC0-301F-11D3-BF4B-00C04F79EFBC}") = "ls", "ls\ls.csproj", "{B4B586A6-216D-4622-8586-1BADBDBD7841}"
EndProject
Project("{FAE04EC0-301F-11D3-BF4B-00C04F79EFBC}") = "pwd", "pwd\pwd.csproj", "{37121D87-BAF4-48A6-9A39-83CED93F2E71}"
EndProject
Project("{FAE04EC0-301F-11D3-BF4B-00C04F79EFBC}") = "touch", "touch\touch.csproj", "{EEEEACF2-497D-4090-89BB-7B893651FD47}"
EndProject
Project("{FAE04EC0-301F-11D3-BF4B-00C04F79EFBC}") = "which", "which\which.csproj", "{EAA12EAE-A315-4169-9157-A204D2E3F97C}"
EndProject
Project("{FAE04EC0-301F-11D3-BF4B-00C04F79EFBC}") = "uniq", "uniq\uniq.csproj", "{8BDD6D7F-FC4E-413F-918D-E078B242D6B9}"
EndProject
Global
	GlobalSection(SolutionConfigurationPlatforms) = preSolution
		Debug|Any CPU = Debug|Any CPU
		Release|Any CPU = Release|Any CPU
	EndGlobalSection
	GlobalSection(ProjectConfigurationPlatforms) = postSolution
		{6F2A7E98-3EDF-4ABB-B891-3AAE5751D690}.Debug|Any CPU.ActiveCfg = Debug|Any CPU
		{6F2A7E98-3EDF-4ABB-B891-3AAE5751D690}.Debug|Any CPU.Build.0 = Debug|Any CPU
		{6F2A7E98-3EDF-4ABB-B891-3AAE5751D690}.Release|Any CPU.ActiveCfg = Release|Any CPU
		{6F2A7E98-3EDF-4ABB-B891-3AAE5751D690}.Release|Any CPU.Build.0 = Release|Any CPU
		{136A55E8-7847-4A97-A237-21362CC1F2D5}.Debug|Any CPU.ActiveCfg = Debug|Any CPU
		{136A55E8-7847-4A97-A237-21362CC1F2D5}.Debug|Any CPU.Build.0 = Debug|Any CPU
		{136A55E8-7847-4A97-A237-21362CC1F2D5}.Release|Any CPU.ActiveCfg = Release|Any CPU
		{136A55E8-7847-4A97-A237-21362CC1F2D5}.Release|Any CPU.Build.0 = Release|Any CPU
		{B4B586A6-216D-4622-8586-1BADBDBD7841}.Debug|Any CPU.ActiveCfg = Debug|Any CPU
		{B4B586A6-216D-4622-8586-1BADBDBD7841}.Debug|Any CPU.Build.0 = Debug|Any CPU
		{B4B586A6-216D-4622-8586-1BADBDBD7841}.Release|Any CPU.ActiveCfg = Release|Any CPU
		{B4B586A6-216D-4622-8586-1BADBDBD7841}.Release|Any CPU.Build.0 = Release|Any CPU
		{37121D87-BAF4-48A6-9A39-83CED93F2E71}.Debug|Any CPU.ActiveCfg = Debug|Any CPU
		{37121D87-BAF4-48A6-9A39-83CED93F2E71}.Debug|Any CPU.Build.0 = Debug|Any CPU
		{37121D87-BAF4-48A6-9A39-83CED93F2E71}.Release|Any CPU.ActiveCfg = Release|Any CPU
		{37121D87-BAF4-48A6-9A39-83CED93F2E71}.Release|Any CPU.Build.0 = Release|Any CPU
		{EEEEACF2-497D-4090-89BB-7B893651FD47}.Debug|Any CPU.ActiveCfg = Debug|Any CPU
		{EEEEACF2-497D-4090-89BB-7B893651FD47}.Debug|Any CPU.Build.0 = Debug|Any CPU
		{EEEEACF2-497D-4090-89BB-7B893651FD47}.Release|Any CPU.ActiveCfg = Release|Any CPU
		{EEEEACF2-497D-4090-89BB-7B893651FD47}.Release|Any CPU.Build.0 = Release|Any CPU
		{EAA12EAE-A315-4169-9157-A204D2E3F97C}.Debug|Any CPU.ActiveCfg = Debug|Any CPU
		{EAA12EAE-A315-4169-9157-A204D2E3F97C}.Debug|Any CPU.Build.0 = Debug|Any CPU
		{EAA12EAE-A315-4169-9157-A204D2E3F97C}.Release|Any CPU.ActiveCfg = Release|Any CPU
		{EAA12EAE-A315-4169-9157-A204D2E3F97C}.Release|Any CPU.Build.0 = Release|Any CPU
		{8BDD6D7F-FC4E-413F-918D-E078B242D6B9}.Debug|Any CPU.ActiveCfg = Debug|Any CPU
		{8BDD6D7F-FC4E-413F-918D-E078B242D6B9}.Debug|Any CPU.Build.0 = Debug|Any CPU
		{8BDD6D7F-FC4E-413F-918D-E078B242D6B9}.Release|Any CPU.ActiveCfg = Release|Any CPU
		{8BDD6D7F-FC4E-413F-918D-E078B242D6B9}.Release|Any CPU.Build.0 = Release|Any CPU
	EndGlobalSection
	GlobalSection(SolutionProperties) = preSolution
		HideSolutionNode = FALSE
	EndGlobalSection
EndGlobal
